
Microsoft Visual Studio Solution File, Format Version 12.00
# Visual Studio 15
VisualStudioVersion = 15.0.28010.2026
MinimumVisualStudioVersion = 10.0.40219.1
Project("{8BC9CEB8-8B4A-11D0-8D11-00A0C91BC942}") = "Task21", "Task21\Task21.vcxproj", "{E35E3813-F473-43E7-8DB3-0D0937B6520C}"
EndProject
Project("{8BC9CEB8-8B4A-11D0-8D11-00A0C91BC942}") = "Task22", "Task22\Task22.vcxproj", "{DB06F1DA-3D9F-41DE-8635-B0244FDEC96D}"
EndProject
Project("{8BC9CEB8-8B4A-11D0-8D11-00A0C91BC942}") = "Task23", "Task23\Task23.vcxproj", "{63EBE5BC-F444-4232-B6FA-C7A0203B792F}"
EndProject
Project("{8BC9CEB8-8B4A-11D0-8D11-00A0C91BC942}") = "Task24", "Task24\Task24.vcxproj", "{0A514B29-7224-4B51-934D-AD8C1DEB0940}"
EndProject
Project("{8BC9CEB8-8B4A-11D0-8D11-00A0C91BC942}") = "Task25", "Task25\Task25.vcxproj", "{D1DBBE65-3253-4D9E-839D-D460713EC757}"
EndProject
Project("{8BC9CEB8-8B4A-11D0-8D11-00A0C91BC942}") = "Task26", "Task26\Task26.vcxproj", "{4B051071-9028-40F2-BEBC-99DC2369FB9A}"
EndProject
Global
	GlobalSection(SolutionConfigurationPlatforms) = preSolution
		Debug|x64 = Debug|x64
		Debug|x86 = Debug|x86
		Release|x64 = Release|x64
		Release|x86 = Release|x86
	EndGlobalSection
	GlobalSection(ProjectConfigurationPlatforms) = postSolution
		{E35E3813-F473-43E7-8DB3-0D0937B6520C}.Debug|x64.ActiveCfg = Debug|x64
		{E35E3813-F473-43E7-8DB3-0D0937B6520C}.Debug|x64.Build.0 = Debug|x64
		{E35E3813-F473-43E7-8DB3-0D0937B6520C}.Debug|x86.ActiveCfg = Debug|Win32
		{E35E3813-F473-43E7-8DB3-0D0937B6520C}.Debug|x86.Build.0 = Debug|Win32
		{E35E3813-F473-43E7-8DB3-0D0937B6520C}.Release|x64.ActiveCfg = Release|x64
		{E35E3813-F473-43E7-8DB3-0D0937B6520C}.Release|x64.Build.0 = Release|x64
		{E35E3813-F473-43E7-8DB3-0D0937B6520C}.Release|x86.ActiveCfg = Release|Win32
		{E35E3813-F473-43E7-8DB3-0D0937B6520C}.Release|x86.Build.0 = Release|Win32
		{DB06F1DA-3D9F-41DE-8635-B0244FDEC96D}.Debug|x64.ActiveCfg = Debug|x64
		{DB06F1DA-3D9F-41DE-8635-B0244FDEC96D}.Debug|x64.Build.0 = Debug|x64
		{DB06F1DA-3D9F-41DE-8635-B0244FDEC96D}.Debug|x86.ActiveCfg = Debug|Win32
		{DB06F1DA-3D9F-41DE-8635-B0244FDEC96D}.Debug|x86.Build.0 = Debug|Win32
		{DB06F1DA-3D9F-41DE-8635-B0244FDEC96D}.Release|x64.ActiveCfg = Release|x64
		{DB06F1DA-3D9F-41DE-8635-B0244FDEC96D}.Release|x64.Build.0 = Release|x64
		{DB06F1DA-3D9F-41DE-8635-B0244FDEC96D}.Release|x86.ActiveCfg = Release|Win32
		{DB06F1DA-3D9F-41DE-8635-B0244FDEC96D}.Release|x86.Build.0 = Release|Win32
		{63EBE5BC-F444-4232-B6FA-C7A0203B792F}.Debug|x64.ActiveCfg = Debug|x64
		{63EBE5BC-F444-4232-B6FA-C7A0203B792F}.Debug|x64.Build.0 = Debug|x64
		{63EBE5BC-F444-4232-B6FA-C7A0203B792F}.Debug|x86.ActiveCfg = Debug|Win32
		{63EBE5BC-F444-4232-B6FA-C7A0203B792F}.Debug|x86.Build.0 = Debug|Win32
		{63EBE5BC-F444-4232-B6FA-C7A0203B792F}.Release|x64.ActiveCfg = Release|x64
		{63EBE5BC-F444-4232-B6FA-C7A0203B792F}.Release|x64.Build.0 = Release|x64
		{63EBE5BC-F444-4232-B6FA-C7A0203B792F}.Release|x86.ActiveCfg = Release|Win32
		{63EBE5BC-F444-4232-B6FA-C7A0203B792F}.Release|x86.Build.0 = Release|Win32
		{0A514B29-7224-4B51-934D-AD8C1DEB0940}.Debug|x64.ActiveCfg = Debug|x64
		{0A514B29-7224-4B51-934D-AD8C1DEB0940}.Debug|x64.Build.0 = Debug|x64
		{0A514B29-7224-4B51-934D-AD8C1DEB0940}.Debug|x86.ActiveCfg = Debug|Win32
		{0A514B29-7224-4B51-934D-AD8C1DEB0940}.Debug|x86.Build.0 = Debug|Win32
		{0A514B29-7224-4B51-934D-AD8C1DEB0940}.Release|x64.ActiveCfg = Release|x64
		{0A514B29-7224-4B51-934D-AD8C1DEB0940}.Release|x64.Build.0 = Release|x64
		{0A514B29-7224-4B51-934D-AD8C1DEB0940}.Release|x86.ActiveCfg = Release|Win32
		{0A514B29-7224-4B51-934D-AD8C1DEB0940}.Release|x86.Build.0 = Release|Win32
		{D1DBBE65-3253-4D9E-839D-D460713EC757}.Debug|x64.ActiveCfg = Debug|x64
		{D1DBBE65-3253-4D9E-839D-D460713EC757}.Debug|x64.Build.0 = Debug|x64
		{D1DBBE65-3253-4D9E-839D-D460713EC757}.Debug|x86.ActiveCfg = Debug|Win32
		{D1DBBE65-3253-4D9E-839D-D460713EC757}.Debug|x86.Build.0 = Debug|Win32
		{D1DBBE65-3253-4D9E-839D-D460713EC757}.Release|x64.ActiveCfg = Release|x64
		{D1DBBE65-3253-4D9E-839D-D460713EC757}.Release|x64.Build.0 = Release|x64
		{D1DBBE65-3253-4D9E-839D-D460713EC757}.Release|x86.ActiveCfg = Release|Win32
		{D1DBBE65-3253-4D9E-839D-D460713EC757}.Release|x86.Build.0 = Release|Win32
		{4B051071-9028-40F2-BEBC-99DC2369FB9A}.Debug|x64.ActiveCfg = Debug|x64
		{4B051071-9028-40F2-BEBC-99DC2369FB9A}.Debug|x64.Build.0 = Debug|x64
		{4B051071-9028-40F2-BEBC-99DC2369FB9A}.Debug|x86.ActiveCfg = Debug|Win32
		{4B051071-9028-40F2-BEBC-99DC2369FB9A}.Debug|x86.Build.0 = Debug|Win32
		{4B051071-9028-40F2-BEBC-99DC2369FB9A}.Release|x64.ActiveCfg = Release|x64
		{4B051071-9028-40F2-BEBC-99DC2369FB9A}.Release|x64.Build.0 = Release|x64
		{4B051071-9028-40F2-BEBC-99DC2369FB9A}.Release|x86.ActiveCfg = Release|Win32
		{4B051071-9028-40F2-BEBC-99DC2369FB9A}.Release|x86.Build.0 = Release|Win32
	EndGlobalSection
	GlobalSection(SolutionProperties) = preSolution
		HideSolutionNode = FALSE
	EndGlobalSection
	GlobalSection(ExtensibilityGlobals) = postSolution
		SolutionGuid = {8637E289-E8A2-4621-AA1C-8249B5C08A46}
	EndGlobalSection
EndGlobal
